// !$*UTF8*$!
{
	archiveVersion = 1;
	classes = {
	};
	objectVersion = 50;
	objects = {

/* Begin PBXBuildFile section */
		FA6C761125CF94AF00CE50A4 /* AppDelegate.swift in Sources */ = {isa = PBXBuildFile; fileRef = FA6C761025CF94AF00CE50A4 /* AppDelegate.swift */; };
		FA6C761325CF94AF00CE50A4 /* SceneDelegate.swift in Sources */ = {isa = PBXBuildFile; fileRef = FA6C761225CF94AF00CE50A4 /* SceneDelegate.swift */; };
		FA6C761525CF94AF00CE50A4 /* ViewController.swift in Sources */ = {isa = PBXBuildFile; fileRef = FA6C761425CF94AF00CE50A4 /* ViewController.swift */; };
		FA6C761825CF94AF00CE50A4 /* Main.storyboard in Resources */ = {isa = PBXBuildFile; fileRef = FA6C761625CF94AF00CE50A4 /* Main.storyboard */; };
		FA6C761A25CF94B500CE50A4 /* Assets.xcassets in Resources */ = {isa = PBXBuildFile; fileRef = FA6C761925CF94B500CE50A4 /* Assets.xcassets */; };
		FA6C761D25CF94B500CE50A4 /* LaunchScreen.storyboard in Resources */ = {isa = PBXBuildFile; fileRef = FA6C761B25CF94B500CE50A4 /* LaunchScreen.storyboard */; };
		FA6C762825CF94B500CE50A4 /* preworkTests.swift in Sources */ = {isa = PBXBuildFile; fileRef = FA6C762725CF94B500CE50A4 /* preworkTests.swift */; };
		FA6C763325CF94B500CE50A4 /* preworkUITests.swift in Sources */ = {isa = PBXBuildFile; fileRef = FA6C763225CF94B500CE50A4 /* preworkUITests.swift */; };
/* End PBXBuildFile section */

/* Begin PBXContainerItemProxy section */
		FA6C762425CF94B500CE50A4 /* PBXContainerItemProxy */ = {
			isa = PBXContainerItemProxy;
			containerPortal = FA6C760525CF94AF00CE50A4 /* Project object */;
			proxyType = 1;
			remoteGlobalIDString = FA6C760C25CF94AF00CE50A4;
			remoteInfo = prework;
		};
		FA6C762F25CF94B500CE50A4 /* PBXContainerItemProxy */ = {
			isa = PBXContainerItemProxy;
			containerPortal = FA6C760525CF94AF00CE50A4 /* Project object */;
			proxyType = 1;
			remoteGlobalIDString = FA6C760C25CF94AF00CE50A4;
			remoteInfo = prework;
		};
/* End PBXContainerItemProxy section */

/* Begin PBXFileReference section */
		FA6C760D25CF94AF00CE50A4 /* prework.app */ = {isa = PBXFileReference; explicitFileType = wrapper.application; includeInIndex = 0; path = prework.app; sourceTree = BUILT_PRODUCTS_DIR; };
		FA6C761025CF94AF00CE50A4 /* AppDelegate.swift */ = {isa = PBXFileReference; lastKnownFileType = sourcecode.swift; path = AppDelegate.swift; sourceTree = "<group>"; };
		FA6C761225CF94AF00CE50A4 /* SceneDelegate.swift */ = {isa = PBXFileReference; lastKnownFileType = sourcecode.swift; path = SceneDelegate.swift; sourceTree = "<group>"; };
		FA6C761425CF94AF00CE50A4 /* ViewController.swift */ = {isa = PBXFileReference; lastKnownFileType = sourcecode.swift; path = ViewController.swift; sourceTree = "<group>"; };
		FA6C761725CF94AF00CE50A4 /* Base */ = {isa = PBXFileReference; lastKnownFileType = file.storyboard; name = Base; path = Base.lproj/Main.storyboard; sourceTree = "<group>"; };
		FA6C761925CF94B500CE50A4 /* Assets.xcassets */ = {isa = PBXFileReference; lastKnownFileType = folder.assetcatalog; path = Assets.xcassets; sourceTree = "<group>"; };
		FA6C761C25CF94B500CE50A4 /* Base */ = {isa = PBXFileReference; lastKnownFileType = file.storyboard; name = Base; path = Base.lproj/LaunchScreen.storyboard; sourceTree = "<group>"; };
		FA6C761E25CF94B500CE50A4 /* Info.plist */ = {isa = PBXFileReference; lastKnownFileType = text.plist.xml; path = Info.plist; sourceTree = "<group>"; };
		FA6C762325CF94B500CE50A4 /* preworkTests.xctest */ = {isa = PBXFileReference; explicitFileType = wrapper.cfbundle; includeInIndex = 0; path = preworkTests.xctest; sourceTree = BUILT_PRODUCTS_DIR; };
		FA6C762725CF94B500CE50A4 /* preworkTests.swift */ = {isa = PBXFileReference; lastKnownFileType = sourcecode.swift; path = preworkTests.swift; sourceTree = "<group>"; };
		FA6C762925CF94B500CE50A4 /* Info.plist */ = {isa = PBXFileReference; lastKnownFileType = text.plist.xml; path = Info.plist; sourceTree = "<group>"; };
		FA6C762E25CF94B500CE50A4 /* preworkUITests.xctest */ = {isa = PBXFileReference; explicitFileType = wrapper.cfbundle; includeInIndex = 0; path = preworkUITests.xctest; sourceTree = BUILT_PRODUCTS_DIR; };
		FA6C763225CF94B500CE50A4 /* preworkUITests.swift */ = {isa = PBXFileReference; lastKnownFileType = sourcecode.swift; path = preworkUITests.swift; sourceTree = "<group>"; };
		FA6C763425CF94B500CE50A4 /* Info.plist */ = {isa = PBXFileReference; lastKnownFileType = text.plist.xml; path = Info.plist; sourceTree = "<group>"; };
/* End PBXFileReference section */

/* Begin PBXFrameworksBuildPhase section */
		FA6C760A25CF94AF00CE50A4 /* Frameworks */ = {
			isa = PBXFrameworksBuildPhase;
			buildActionMask = 2147483647;
			files = (
			);
			runOnlyForDeploymentPostprocessing = 0;
		};
		FA6C762025CF94B500CE50A4 /* Frameworks */ = {
			isa = PBXFrameworksBuildPhase;
			buildActionMask = 2147483647;
			files = (
			);
			runOnlyForDeploymentPostprocessing = 0;
		};
		FA6C762B25CF94B500CE50A4 /* Frameworks */ = {
			isa = PBXFrameworksBuildPhase;
			buildActionMask = 2147483647;
			files = (
			);
			runOnlyForDeploymentPostprocessing = 0;
		};
/* End PBXFrameworksBuildPhase section */

/* Begin PBXGroup section */
		FA6C760425CF94AF00CE50A4 = {
			isa = PBXGroup;
			children = (
				FA6C760F25CF94AF00CE50A4 /* prework */,
				FA6C762625CF94B500CE50A4 /* preworkTests */,
				FA6C763125CF94B500CE50A4 /* preworkUITests */,
				FA6C760E25CF94AF00CE50A4 /* Products */,
			);
			sourceTree = "<group>";
		};
		FA6C760E25CF94AF00CE50A4 /* Products */ = {
			isa = PBXGroup;
			children = (
				FA6C760D25CF94AF00CE50A4 /* prework.app */,
				FA6C762325CF94B500CE50A4 /* preworkTests.xctest */,
				FA6C762E25CF94B500CE50A4 /* preworkUITests.xctest */,
			);
			name = Products;
			sourceTree = "<group>";
		};
		FA6C760F25CF94AF00CE50A4 /* prework */ = {
			isa = PBXGroup;
			children = (
				FA6C761025CF94AF00CE50A4 /* AppDelegate.swift */,
				FA6C761225CF94AF00CE50A4 /* SceneDelegate.swift */,
				FA6C761425CF94AF00CE50A4 /* ViewController.swift */,
				FA6C761625CF94AF00CE50A4 /* Main.storyboard */,
				FA6C761925CF94B500CE50A4 /* Assets.xcassets */,
				FA6C761B25CF94B500CE50A4 /* LaunchScreen.storyboard */,
				FA6C761E25CF94B500CE50A4 /* Info.plist */,
			);
			path = prework;
			sourceTree = "<group>";
		};
		FA6C762625CF94B500CE50A4 /* preworkTests */ = {
			isa = PBXGroup;
			children = (
				FA6C762725CF94B500CE50A4 /* preworkTests.swift */,
				FA6C762925CF94B500CE50A4 /* Info.plist */,
			);
			path = preworkTests;
			sourceTree = "<group>";
		};
		FA6C763125CF94B500CE50A4 /* preworkUITests */ = {
			isa = PBXGroup;
			children = (
				FA6C763225CF94B500CE50A4 /* preworkUITests.swift */,
				FA6C763425CF94B500CE50A4 /* Info.plist */,
			);
			path = preworkUITests;
			sourceTree = "<group>";
		};
/* End PBXGroup section */

/* Begin PBXNativeTarget section */
		FA6C760C25CF94AF00CE50A4 /* prework */ = {
			isa = PBXNativeTarget;
			buildConfigurationList = FA6C763725CF94B500CE50A4 /* Build configuration list for PBXNativeTarget "prework" */;
			buildPhases = (
				FA6C760925CF94AF00CE50A4 /* Sources */,
				FA6C760A25CF94AF00CE50A4 /* Frameworks */,
				FA6C760B25CF94AF00CE50A4 /* Resources */,
			);
			buildRules = (
			);
			dependencies = (
			);
			name = prework;
			productName = prework;
			productReference = FA6C760D25CF94AF00CE50A4 /* prework.app */;
			productType = "com.apple.product-type.application";
		};
		FA6C762225CF94B500CE50A4 /* preworkTests */ = {
			isa = PBXNativeTarget;
			buildConfigurationList = FA6C763A25CF94B500CE50A4 /* Build configuration list for PBXNativeTarget "preworkTests" */;
			buildPhases = (
				FA6C761F25CF94B500CE50A4 /* Sources */,
				FA6C762025CF94B500CE50A4 /* Frameworks */,
				FA6C762125CF94B500CE50A4 /* Resources */,
			);
			buildRules = (
			);
			dependencies = (
				FA6C762525CF94B500CE50A4 /* PBXTargetDependency */,
			);
			name = preworkTests;
			productName = preworkTests;
			productReference = FA6C762325CF94B500CE50A4 /* preworkTests.xctest */;
			productType = "com.apple.product-type.bundle.unit-test";
		};
		FA6C762D25CF94B500CE50A4 /* preworkUITests */ = {
			isa = PBXNativeTarget;
			buildConfigurationList = FA6C763D25CF94B500CE50A4 /* Build configuration list for PBXNativeTarget "preworkUITests" */;
			buildPhases = (
				FA6C762A25CF94B500CE50A4 /* Sources */,
				FA6C762B25CF94B500CE50A4 /* Frameworks */,
				FA6C762C25CF94B500CE50A4 /* Resources */,
			);
			buildRules = (
			);
			dependencies = (
				FA6C763025CF94B500CE50A4 /* PBXTargetDependency */,
			);
			name = preworkUITests;
			productName = preworkUITests;
			productReference = FA6C762E25CF94B500CE50A4 /* preworkUITests.xctest */;
			productType = "com.apple.product-type.bundle.ui-testing";
		};
/* End PBXNativeTarget section */

/* Begin PBXProject section */
		FA6C760525CF94AF00CE50A4 /* Project object */ = {
			isa = PBXProject;
			attributes = {
				LastSwiftUpdateCheck = 1240;
				LastUpgradeCheck = 1240;
				TargetAttributes = {
					FA6C760C25CF94AF00CE50A4 = {
						CreatedOnToolsVersion = 12.4;
					};
					FA6C762225CF94B500CE50A4 = {
						CreatedOnToolsVersion = 12.4;
						TestTargetID = FA6C760C25CF94AF00CE50A4;
					};
					FA6C762D25CF94B500CE50A4 = {
						CreatedOnToolsVersion = 12.4;
						TestTargetID = FA6C760C25CF94AF00CE50A4;
					};
				};
			};
			buildConfigurationList = FA6C760825CF94AF00CE50A4 /* Build configuration list for PBXProject "prework" */;
			compatibilityVersion = "Xcode 9.3";
			developmentRegion = en;
			hasScannedForEncodings = 0;
			knownRegions = (
				en,
				Base,
			);
			mainGroup = FA6C760425CF94AF00CE50A4;
			productRefGroup = FA6C760E25CF94AF00CE50A4 /* Products */;
			projectDirPath = "";
			projectRoot = "";
			targets = (
				FA6C760C25CF94AF00CE50A4 /* prework */,
				FA6C762225CF94B500CE50A4 /* preworkTests */,
				FA6C762D25CF94B500CE50A4 /* preworkUITests */,
			);
		};
/* End PBXProject section */

/* Begin PBXResourcesBuildPhase section */
		FA6C760B25CF94AF00CE50A4 /* Resources */ = {
			isa = PBXResourcesBuildPhase;
			buildActionMask = 2147483647;
			files = (
				FA6C761D25CF94B500CE50A4 /* LaunchScreen.storyboard in Resources */,
				FA6C761A25CF94B500CE50A4 /* Assets.xcassets in Resources */,
				FA6C761825CF94AF00CE50A4 /* Main.storyboard in Resources */,
			);
			runOnlyForDeploymentPostprocessing = 0;
		};
		FA6C762125CF94B500CE50A4 /* Resources */ = {
			isa = PBXResourcesBuildPhase;
			buildActionMask = 2147483647;
			files = (
			);
			runOnlyForDeploymentPostprocessing = 0;
		};
		FA6C762C25CF94B500CE50A4 /* Resources */ = {
			isa = PBXResourcesBuildPhase;
			buildActionMask = 2147483647;
			files = (
			);
			runOnlyForDeploymentPostprocessing = 0;
		};
/* End PBXResourcesBuildPhase section */

/* Begin PBXSourcesBuildPhase section */
		FA6C760925CF94AF00CE50A4 /* Sources */ = {
			isa = PBXSourcesBuildPhase;
			buildActionMask = 2147483647;
			files = (
				FA6C761525CF94AF00CE50A4 /* ViewController.swift in Sources */,
				FA6C761125CF94AF00CE50A4 /* AppDelegate.swift in Sources */,
				FA6C761325CF94AF00CE50A4 /* SceneDelegate.swift in Sources */,
			);
			runOnlyForDeploymentPostprocessing = 0;
		};
		FA6C761F25CF94B500CE50A4 /* Sources */ = {
			isa = PBXSourcesBuildPhase;
			buildActionMask = 2147483647;
			files = (
				FA6C762825CF94B500CE50A4 /* preworkTests.swift in Sources */,
			);
			runOnlyForDeploymentPostprocessing = 0;
		};
		FA6C762A25CF94B500CE50A4 /* Sources */ = {
			isa = PBXSourcesBuildPhase;
			buildActionMask = 2147483647;
			files = (
				FA6C763325CF94B500CE50A4 /* preworkUITests.swift in Sources */,
			);
			runOnlyForDeploymentPostprocessing = 0;
		};
/* End PBXSourcesBuildPhase section */

/* Begin PBXTargetDependency section */
		FA6C762525CF94B500CE50A4 /* PBXTargetDependency */ = {
			isa = PBXTargetDependency;
			target = FA6C760C25CF94AF00CE50A4 /* prework */;
			targetProxy = FA6C762425CF94B500CE50A4 /* PBXContainerItemProxy */;
		};
		FA6C763025CF94B500CE50A4 /* PBXTargetDependency */ = {
			isa = PBXTargetDependency;
			target = FA6C760C25CF94AF00CE50A4 /* prework */;
			targetProxy = FA6C762F25CF94B500CE50A4 /* PBXContainerItemProxy */;
		};
/* End PBXTargetDependency section */

/* Begin PBXVariantGroup section */
		FA6C761625CF94AF00CE50A4 /* Main.storyboard */ = {
			isa = PBXVariantGroup;
			children = (
				FA6C761725CF94AF00CE50A4 /* Base */,
			);
			name = Main.storyboard;
			sourceTree = "<group>";
		};
		FA6C761B25CF94B500CE50A4 /* LaunchScreen.storyboard */ = {
			isa = PBXVariantGroup;
			children = (
				FA6C761C25CF94B500CE50A4 /* Base */,
			);
			name = LaunchScreen.storyboard;
			sourceTree = "<group>";
		};
/* End PBXVariantGroup section */

/* Begin XCBuildConfiguration section */
		FA6C763525CF94B500CE50A4 /* Debug */ = {
			isa = XCBuildConfiguration;
			buildSettings = {
				ALWAYS_SEARCH_USER_PATHS = NO;
				CLANG_ANALYZER_NONNULL = YES;
				CLANG_ANALYZER_NUMBER_OBJECT_CONVERSION = YES_AGGRESSIVE;
				CLANG_CXX_LANGUAGE_STANDARD = "gnu++14";
				CLANG_CXX_LIBRARY = "libc++";
				CLANG_ENABLE_MODULES = YES;
				CLANG_ENABLE_OBJC_ARC = YES;
				CLANG_ENABLE_OBJC_WEAK = YES;
				CLANG_WARN_BLOCK_CAPTURE_AUTORELEASING = YES;
				CLANG_WARN_BOOL_CONVERSION = YES;
				CLANG_WARN_COMMA = YES;
				CLANG_WARN_CONSTANT_CONVERSION = YES;
				CLANG_WARN_DEPRECATED_OBJC_IMPLEMENTATIONS = YES;
				CLANG_WARN_DIRECT_OBJC_ISA_USAGE = YES_ERROR;
				CLANG_WARN_DOCUMENTATION_COMMENTS = YES;
				CLANG_WARN_EMPTY_BODY = YES;
				CLANG_WARN_ENUM_CONVERSION = YES;
				CLANG_WARN_INFINITE_RECURSION = YES;
				CLANG_WARN_INT_CONVERSION = YES;
				CLANG_WARN_NON_LITERAL_NULL_CONVERSION = YES;
				CLANG_WARN_OBJC_IMPLICIT_RETAIN_SELF = YES;
				CLANG_WARN_OBJC_LITERAL_CONVERSION = YES;
				CLANG_WARN_OBJC_ROOT_CLASS = YES_ERROR;
				CLANG_WARN_QUOTED_INCLUDE_IN_FRAMEWORK_HEADER = YES;
				CLANG_WARN_RANGE_LOOP_ANALYSIS = YES;
				CLANG_WARN_STRICT_PROTOTYPES = YES;
				CLANG_WARN_SUSPICIOUS_MOVE = YES;
				CLANG_WARN_UNGUARDED_AVAILABILITY = YES_AGGRESSIVE;
				CLANG_WARN_UNREACHABLE_CODE = YES;
				CLANG_WARN__DUPLICATE_METHOD_MATCH = YES;
				COPY_PHASE_STRIP = NO;
				DEBUG_INFORMATION_FORMAT = dwarf;
				ENABLE_STRICT_OBJC_MSGSEND = YES;
				ENABLE_TESTABILITY = YES;
				GCC_C_LANGUAGE_STANDARD = gnu11;
				GCC_DYNAMIC_NO_PIC = NO;
				GCC_NO_COMMON_BLOCKS = YES;
				GCC_OPTIMIZATION_LEVEL = 0;
				GCC_PREPROCESSOR_DEFINITIONS = (
					"DEBUG=1",
					"$(inherited)",
				);
				GCC_WARN_64_TO_32_BIT_CONVERSION = YES;
				GCC_WARN_ABOUT_RETURN_TYPE = YES_ERROR;
				GCC_WARN_UNDECLARED_SELECTOR = YES;
				GCC_WARN_UNINITIALIZED_AUTOS = YES_AGGRESSIVE;
				GCC_WARN_UNUSED_FUNCTION = YES;
				GCC_WARN_UNUSED_VARIABLE = YES;
				IPHONEOS_DEPLOYMENT_TARGET = 14.4;
				MTL_ENABLE_DEBUG_INFO = INCLUDE_SOURCE;
				MTL_FAST_MATH = YES;
				ONLY_ACTIVE_ARCH = YES;
				SDKROOT = iphoneos;
				SWIFT_ACTIVE_COMPILATION_CONDITIONS = DEBUG;
				SWIFT_OPTIMIZATION_LEVEL = "-Onone";
			};
			name = Debug;
		};
		FA6C763625CF94B500CE50A4 /* Release */ = {
			isa = XCBuildConfiguration;
			buildSettings = {
				ALWAYS_SEARCH_USER_PATHS = NO;
				CLANG_ANALYZER_NONNULL = YES;
				CLANG_ANALYZER_NUMBER_OBJECT_CONVERSION = YES_AGGRESSIVE;
				CLANG_CXX_LANGUAGE_STANDARD = "gnu++14";
				CLANG_CXX_LIBRARY = "libc++";
				CLANG_ENABLE_MODULES = YES;
				CLANG_ENABLE_OBJC_ARC = YES;
				CLANG_ENABLE_OBJC_WEAK = YES;
				CLANG_WARN_BLOCK_CAPTURE_AUTORELEASING = YES;
				CLANG_WARN_BOOL_CONVERSION = YES;
				CLANG_WARN_COMMA = YES;
				CLANG_WARN_CONSTANT_CONVERSION = YES;
				CLANG_WARN_DEPRECATED_OBJC_IMPLEMENTATIONS = YES;
				CLANG_WARN_DIRECT_OBJC_ISA_USAGE = YES_ERROR;
				CLANG_WARN_DOCUMENTATION_COMMENTS = YES;
				CLANG_WARN_EMPTY_BODY = YES;
				CLANG_WARN_ENUM_CONVERSION = YES;
				CLANG_WARN_INFINITE_RECURSION = YES;
				CLANG_WARN_INT_CONVERSION = YES;
				CLANG_WARN_NON_LITERAL_NULL_CONVERSION = YES;
				CLANG_WARN_OBJC_IMPLICIT_RETAIN_SELF = YES;
				CLANG_WARN_OBJC_LITERAL_CONVERSION = YES;
				CLANG_WARN_OBJC_ROOT_CLASS = YES_ERROR;
				CLANG_WARN_QUOTED_INCLUDE_IN_FRAMEWORK_HEADER = YES;
				CLANG_WARN_RANGE_LOOP_ANALYSIS = YES;
				CLANG_WARN_STRICT_PROTOTYPES = YES;
				CLANG_WARN_SUSPICIOUS_MOVE = YES;
				CLANG_WARN_UNGUARDED_AVAILABILITY = YES_AGGRESSIVE;
				CLANG_WARN_UNREACHABLE_CODE = YES;
				CLANG_WARN__DUPLICATE_METHOD_MATCH = YES;
				COPY_PHASE_STRIP = NO;
				DEBUG_INFORMATION_FORMAT = "dwarf-with-dsym";
				ENABLE_NS_ASSERTIONS = NO;
				ENABLE_STRICT_OBJC_MSGSEND = YES;
				GCC_C_LANGUAGE_STANDARD = gnu11;
				GCC_NO_COMMON_BLOCKS = YES;
				GCC_WARN_64_TO_32_BIT_CONVERSION = YES;
				GCC_WARN_ABOUT_RETURN_TYPE = YES_ERROR;
				GCC_WARN_UNDECLARED_SELECTOR = YES;
				GCC_WARN_UNINITIALIZED_AUTOS = YES_AGGRESSIVE;
				GCC_WARN_UNUSED_FUNCTION = YES;
				GCC_WARN_UNUSED_VARIABLE = YES;
				IPHONEOS_DEPLOYMENT_TARGET = 14.4;
				MTL_ENABLE_DEBUG_INFO = NO;
				MTL_FAST_MATH = YES;
				SDKROOT = iphoneos;
				SWIFT_COMPILATION_MODE = wholemodule;
				SWIFT_OPTIMIZATION_LEVEL = "-O";
				VALIDATE_PRODUCT = YES;
			};
			name = Release;
		};
		FA6C763825CF94B500CE50A4 /* Debug */ = {
			isa = XCBuildConfiguration;
			buildSettings = {
				ASSETCATALOG_COMPILER_APPICON_NAME = AppIcon;
				ASSETCATALOG_COMPILER_GLOBAL_ACCENT_COLOR_NAME = AccentColor;
				CODE_SIGN_STYLE = Automatic;
				INFOPLIST_FILE = prework/Info.plist;
				LD_RUNPATH_SEARCH_PATHS = (
					"$(inherited)",
					"@executable_path/Frameworks",
				);
				PRODUCT_BUNDLE_IDENTIFIER = memo.com.prework;
				PRODUCT_NAME = "$(TARGET_NAME)";
				SWIFT_VERSION = 5.0;
				TARGETED_DEVICE_FAMILY = "1,2";
			};
			name = Debug;
		};
		FA6C763925CF94B500CE50A4 /* Release */ = {
			isa = XCBuildConfiguration;
			buildSettings = {
				ASSETCATALOG_COMPILER_APPICON_NAME = AppIcon;
				ASSETCATALOG_COMPILER_GLOBAL_ACCENT_COLOR_NAME = AccentColor;
				CODE_SIGN_STYLE = Automatic;
				INFOPLIST_FILE = prework/Info.plist;
				LD_RUNPATH_SEARCH_PATHS = (
					"$(inherited)",
					"@executable_path/Frameworks",
				);
				PRODUCT_BUNDLE_IDENTIFIER = memo.com.prework;
				PRODUCT_NAME = "$(TARGET_NAME)";
				SWIFT_VERSION = 5.0;
				TARGETED_DEVICE_FAMILY = "1,2";
			};
			name = Release;
		};
		FA6C763B25CF94B500CE50A4 /* Debug */ = {
			isa = XCBuildConfiguration;
			buildSettings = {
				ALWAYS_EMBED_SWIFT_STANDARD_LIBRARIES = YES;
				BUNDLE_LOADER = "$(TEST_HOST)";
				CODE_SIGN_STYLE = Automatic;
				INFOPLIST_FILE = preworkTests/Info.plist;
				IPHONEOS_DEPLOYMENT_TARGET = 14.4;
				LD_RUNPATH_SEARCH_PATHS = (
					"$(inherited)",
					"@executable_path/Frameworks",
					"@loader_path/Frameworks",
				);
				PRODUCT_BUNDLE_IDENTIFIER = memo.com.preworkTests;
				PRODUCT_NAME = "$(TARGET_NAME)";
				SWIFT_VERSION = 5.0;
				TARGETED_DEVICE_FAMILY = "1,2";
				TEST_HOST = "$(BUILT_PRODUCTS_DIR)/prework.app/prework";
			};
			name = Debug;
		};
		FA6C763C25CF94B500CE50A4 /* Release */ = {
			isa = XCBuildConfiguration;
			buildSettings = {
				ALWAYS_EMBED_SWIFT_STANDARD_LIBRARIES = YES;
				BUNDLE_LOADER = "$(TEST_HOST)";
				CODE_SIGN_STYLE = Automatic;
				INFOPLIST_FILE = preworkTests/Info.plist;
				IPHONEOS_DEPLOYMENT_TARGET = 14.4;
				LD_RUNPATH_SEARCH_PATHS = (
					"$(inherited)",
					"@executable_path/Frameworks",
					"@loader_path/Frameworks",
				);
				PRODUCT_BUNDLE_IDENTIFIER = memo.com.preworkTests;
				PRODUCT_NAME = "$(TARGET_NAME)";
				SWIFT_VERSION = 5.0;
				TARGETED_DEVICE_FAMILY = "1,2";
				TEST_HOST = "$(BUILT_PRODUCTS_DIR)/prework.app/prework";
			};
			name = Release;
		};
		FA6C763E25CF94B500CE50A4 /* Debug */ = {
			isa = XCBuildConfiguration;
			buildSettings = {
				ALWAYS_EMBED_SWIFT_STANDARD_LIBRARIES = YES;
				CODE_SIGN_STYLE = Automatic;
				INFOPLIST_FILE = preworkUITests/Info.plist;
				LD_RUNPATH_SEARCH_PATHS = (
					"$(inherited)",
					"@executable_path/Frameworks",
					"@loader_path/Frameworks",
				);
				PRODUCT_BUNDLE_IDENTIFIER = memo.com.preworkUITests;
				PRODUCT_NAME = "$(TARGET_NAME)";
				SWIFT_VERSION = 5.0;
				TARGETED_DEVICE_FAMILY = "1,2";
				TEST_TARGET_NAME = prework;
			};
			name = Debug;
		};
		FA6C763F25CF94B500CE50A4 /* Release */ = {
			isa = XCBuildConfiguration;
			buildSettings = {
				ALWAYS_EMBED_SWIFT_STANDARD_LIBRARIES = YES;
				CODE_SIGN_STYLE = Automatic;
				INFOPLIST_FILE = preworkUITests/Info.plist;
				LD_RUNPATH_SEARCH_PATHS = (
					"$(inherited)",
					"@executable_path/Frameworks",
					"@loader_path/Frameworks",
				);
				PRODUCT_BUNDLE_IDENTIFIER = memo.com.preworkUITests;
				PRODUCT_NAME = "$(TARGET_NAME)";
				SWIFT_VERSION = 5.0;
				TARGETED_DEVICE_FAMILY = "1,2";
				TEST_TARGET_NAME = prework;
			};
			name = Release;
		};
/* End XCBuildConfiguration section */

/* Begin XCConfigurationList section */
		FA6C760825CF94AF00CE50A4 /* Build configuration list for PBXProject "prework" */ = {
			isa = XCConfigurationList;
			buildConfigurations = (
				FA6C763525CF94B500CE50A4 /* Debug */,
				FA6C763625CF94B500CE50A4 /* Release */,
			);
			defaultConfigurationIsVisible = 0;
			defaultConfigurationName = Release;
		};
		FA6C763725CF94B500CE50A4 /* Build configuration list for PBXNativeTarget "prework" */ = {
			isa = XCConfigurationList;
			buildConfigurations = (
				FA6C763825CF94B500CE50A4 /* Debug */,
				FA6C763925CF94B500CE50A4 /* Release */,
			);
			defaultConfigurationIsVisible = 0;
			defaultConfigurationName = Release;
		};
		FA6C763A25CF94B500CE50A4 /* Build configuration list for PBXNativeTarget "preworkTests" */ = {
			isa = XCConfigurationList;
			buildConfigurations = (
				FA6C763B25CF94B500CE50A4 /* Debug */,
				FA6C763C25CF94B500CE50A4 /* Release */,
			);
			defaultConfigurationIsVisible = 0;
			defaultConfigurationName = Release;
		};
		FA6C763D25CF94B500CE50A4 /* Build configuration list for PBXNativeTarget "preworkUITests" */ = {
			isa = XCConfigurationList;
			buildConfigurations = (
				FA6C763E25CF94B500CE50A4 /* Debug */,
				FA6C763F25CF94B500CE50A4 /* Release */,
			);
			defaultConfigurationIsVisible = 0;
			defaultConfigurationName = Release;
		};
/* End XCConfigurationList section */
	};
	rootObject = FA6C760525CF94AF00CE50A4 /* Project object */;
}
